
Microsoft Visual Studio Solution File, Format Version 12.00
# Visual Studio 15
VisualStudioVersion = 15.0.26730.16
MinimumVisualStudioVersion = 10.0.40219.1
Project("{2150E333-8FDC-42A3-9474-1A3956D46DE8}") = "1 - Services", "1 - Services", "{B6228DA6-1105-4683-B847-186E32AEBD3D}"
EndProject
Project("{2150E333-8FDC-42A3-9474-1A3956D46DE8}") = "2 - Domain", "2 - Domain", "{65827DAE-E5B7-425B-B5C2-C885F4D5FF08}"
EndProject
Project("{2150E333-8FDC-42A3-9474-1A3956D46DE8}") = "3 - Infra", "3 - Infra", "{4530E15E-173B-46D7-81C2-1325B207F589}"
EndProject
Project("{2150E333-8FDC-42A3-9474-1A3956D46DE8}") = "3.1 - Data", "3.1 - Data", "{B6CD249B-5D46-4B9A-B375-62FAD9F7C1EF}"
EndProject
Project("{2150E333-8FDC-42A3-9474-1A3956D46DE8}") = "3.2 - CrossCutting", "3.2 - CrossCutting", "{C1F1AECB-64BD-4A65-BA74-E88D5B6A8CE5}"
EndProject
Project("{9A19103F-16F7-4668-BE54-9A1E7A4F7556}") = "Eventos.IO.Domain", "src\Eventos.IO.Domain\Eventos.IO.Domain.csproj", "{5C3DE0AB-809E-422F-A8EC-8E939EA0C58B}"
EndProject
Project("{9A19103F-16F7-4668-BE54-9A1E7A4F7556}") = "Eventos.IO.Domain.Core", "src\Eventos.IO.Domain.Core\Eventos.IO.Domain.Core.csproj", "{C67704CE-D109-456B-9928-D6010CE2B39F}"
EndProject
Project("{9A19103F-16F7-4668-BE54-9A1E7A4F7556}") = "Eventos.IO.Infra.Data", "src\Eventos.IO.Infra.Data\Eventos.IO.Infra.Data.csproj", "{C3DEF390-E7D5-42FE-B72A-350E2BE35F09}"
EndProject
Project("{9A19103F-16F7-4668-BE54-9A1E7A4F7556}") = "Eventos.IO.Infra.CrossCutting.IoC", "src\Eventos.IO.Infra.CrossCutting.IoC\Eventos.IO.Infra.CrossCutting.IoC.csproj", "{8DA33251-E970-4F13-A475-11D9CB2D896F}"
EndProject
Project("{9A19103F-16F7-4668-BE54-9A1E7A4F7556}") = "Eventos.IO.Infra.CrossCutting.Identity", "src\Eventos.IO.Infra.CrossCutting.Identity\Eventos.IO.Infra.CrossCutting.Identity.csproj", "{BFD8C11F-08C6-4EB3-8546-9A418EC7AF9C}"
EndProject
Project("{9A19103F-16F7-4668-BE54-9A1E7A4F7556}") = "Eventos.IO.Infra.CrossCutting.AspNetFilters", "src\Eventos.IO.Infra.CrossCutting.AspNetFilters\Eventos.IO.Infra.CrossCutting.AspNetFilters.csproj", "{EF27A20B-CD35-4A6C-887F-80857DC5776A}"
EndProject
Project("{9A19103F-16F7-4668-BE54-9A1E7A4F7556}") = "Eventos.IO.Services.Api", "src\Eventos.IO.Services.Api\Eventos.IO.Services.Api.csproj", "{C04E3757-D073-4E4D-A0DC-0F5A8A91703C}"
EndProject
Project("{2150E333-8FDC-42A3-9474-1A3956D46DE8}") = "4 - Tests", "4 - Tests", "{E2FF927E-7AD2-4CFB-916A-3E77E21EA524}"
EndProject
Project("{9A19103F-16F7-4668-BE54-9A1E7A4F7556}") = "Eventos.IO.Tests.API", "tests\Eventos.IO.Tests.API\Eventos.IO.Tests.API.csproj", "{27F9C006-0302-4EC1-969B-21766ECAE495}"
EndProject
Project("{FAE04EC0-301F-11D3-BF4B-00C04F79EFBC}") = "Eventos.IO.TestesAutomatizados", "tests\Eventos.IO.TestesAutomatizados\Eventos.IO.TestesAutomatizados.csproj", "{B939C2FE-41E5-4DD2-982B-29677318590A}"
EndProject
Global
	GlobalSection(SolutionConfigurationPlatforms) = preSolution
		Debug|Any CPU = Debug|Any CPU
		Debug|x64 = Debug|x64
		Debug|x86 = Debug|x86
		Release|Any CPU = Release|Any CPU
		Release|x64 = Release|x64
		Release|x86 = Release|x86
	EndGlobalSection
	GlobalSection(ProjectConfigurationPlatforms) = postSolution
		{5C3DE0AB-809E-422F-A8EC-8E939EA0C58B}.Debug|Any CPU.ActiveCfg = Debug|Any CPU
		{5C3DE0AB-809E-422F-A8EC-8E939EA0C58B}.Debug|Any CPU.Build.0 = Debug|Any CPU
		{5C3DE0AB-809E-422F-A8EC-8E939EA0C58B}.Debug|x64.ActiveCfg = Debug|Any CPU
		{5C3DE0AB-809E-422F-A8EC-8E939EA0C58B}.Debug|x64.Build.0 = Debug|Any CPU
		{5C3DE0AB-809E-422F-A8EC-8E939EA0C58B}.Debug|x86.ActiveCfg = Debug|Any CPU
		{5C3DE0AB-809E-422F-A8EC-8E939EA0C58B}.Debug|x86.Build.0 = Debug|Any CPU
		{5C3DE0AB-809E-422F-A8EC-8E939EA0C58B}.Release|Any CPU.ActiveCfg = Release|Any CPU
		{5C3DE0AB-809E-422F-A8EC-8E939EA0C58B}.Release|Any CPU.Build.0 = Release|Any CPU
		{5C3DE0AB-809E-422F-A8EC-8E939EA0C58B}.Release|x64.ActiveCfg = Release|Any CPU
		{5C3DE0AB-809E-422F-A8EC-8E939EA0C58B}.Release|x64.Build.0 = Release|Any CPU
		{5C3DE0AB-809E-422F-A8EC-8E939EA0C58B}.Release|x86.ActiveCfg = Release|Any CPU
		{5C3DE0AB-809E-422F-A8EC-8E939EA0C58B}.Release|x86.Build.0 = Release|Any CPU
		{C67704CE-D109-456B-9928-D6010CE2B39F}.Debug|Any CPU.ActiveCfg = Debug|Any CPU
		{C67704CE-D109-456B-9928-D6010CE2B39F}.Debug|Any CPU.Build.0 = Debug|Any CPU
		{C67704CE-D109-456B-9928-D6010CE2B39F}.Debug|x64.ActiveCfg = Debug|Any CPU
		{C67704CE-D109-456B-9928-D6010CE2B39F}.Debug|x64.Build.0 = Debug|Any CPU
		{C67704CE-D109-456B-9928-D6010CE2B39F}.Debug|x86.ActiveCfg = Debug|Any CPU
		{C67704CE-D109-456B-9928-D6010CE2B39F}.Debug|x86.Build.0 = Debug|Any CPU
		{C67704CE-D109-456B-9928-D6010CE2B39F}.Release|Any CPU.ActiveCfg = Release|Any CPU
		{C67704CE-D109-456B-9928-D6010CE2B39F}.Release|Any CPU.Build.0 = Release|Any CPU
		{C67704CE-D109-456B-9928-D6010CE2B39F}.Release|x64.ActiveCfg = Release|Any CPU
		{C67704CE-D109-456B-9928-D6010CE2B39F}.Release|x64.Build.0 = Release|Any CPU
		{C67704CE-D109-456B-9928-D6010CE2B39F}.Release|x86.ActiveCfg = Release|Any CPU
		{C67704CE-D109-456B-9928-D6010CE2B39F}.Release|x86.Build.0 = Release|Any CPU
		{C3DEF390-E7D5-42FE-B72A-350E2BE35F09}.Debug|Any CPU.ActiveCfg = Debug|Any CPU
		{C3DEF390-E7D5-42FE-B72A-350E2BE35F09}.Debug|Any CPU.Build.0 = Debug|Any CPU
		{C3DEF390-E7D5-42FE-B72A-350E2BE35F09}.Debug|x64.ActiveCfg = Debug|Any CPU
		{C3DEF390-E7D5-42FE-B72A-350E2BE35F09}.Debug|x64.Build.0 = Debug|Any CPU
		{C3DEF390-E7D5-42FE-B72A-350E2BE35F09}.Debug|x86.ActiveCfg = Debug|Any CPU
		{C3DEF390-E7D5-42FE-B72A-350E2BE35F09}.Debug|x86.Build.0 = Debug|Any CPU
		{C3DEF390-E7D5-42FE-B72A-350E2BE35F09}.Release|Any CPU.ActiveCfg = Release|Any CPU
		{C3DEF390-E7D5-42FE-B72A-350E2BE35F09}.Release|Any CPU.Build.0 = Release|Any CPU
		{C3DEF390-E7D5-42FE-B72A-350E2BE35F09}.Release|x64.ActiveCfg = Release|Any CPU
		{C3DEF390-E7D5-42FE-B72A-350E2BE35F09}.Release|x64.Build.0 = Release|Any CPU
		{C3DEF390-E7D5-42FE-B72A-350E2BE35F09}.Release|x86.ActiveCfg = Release|Any CPU
		{C3DEF390-E7D5-42FE-B72A-350E2BE35F09}.Release|x86.Build.0 = Release|Any CPU
		{8DA33251-E970-4F13-A475-11D9CB2D896F}.Debug|Any CPU.ActiveCfg = Debug|Any CPU
		{8DA33251-E970-4F13-A475-11D9CB2D896F}.Debug|Any CPU.Build.0 = Debug|Any CPU
		{8DA33251-E970-4F13-A475-11D9CB2D896F}.Debug|x64.ActiveCfg = Debug|Any CPU
		{8DA33251-E970-4F13-A475-11D9CB2D896F}.Debug|x64.Build.0 = Debug|Any CPU
		{8DA33251-E970-4F13-A475-11D9CB2D896F}.Debug|x86.ActiveCfg = Debug|Any CPU
		{8DA33251-E970-4F13-A475-11D9CB2D896F}.Debug|x86.Build.0 = Debug|Any CPU
		{8DA33251-E970-4F13-A475-11D9CB2D896F}.Release|Any CPU.ActiveCfg = Release|Any CPU
		{8DA33251-E970-4F13-A475-11D9CB2D896F}.Release|Any CPU.Build.0 = Release|Any CPU
		{8DA33251-E970-4F13-A475-11D9CB2D896F}.Release|x64.ActiveCfg = Release|Any CPU
		{8DA33251-E970-4F13-A475-11D9CB2D896F}.Release|x64.Build.0 = Release|Any CPU
		{8DA33251-E970-4F13-A475-11D9CB2D896F}.Release|x86.ActiveCfg = Release|Any CPU
		{8DA33251-E970-4F13-A475-11D9CB2D896F}.Release|x86.Build.0 = Release|Any CPU
		{BFD8C11F-08C6-4EB3-8546-9A418EC7AF9C}.Debug|Any CPU.ActiveCfg = Debug|Any CPU
		{BFD8C11F-08C6-4EB3-8546-9A418EC7AF9C}.Debug|Any CPU.Build.0 = Debug|Any CPU
		{BFD8C11F-08C6-4EB3-8546-9A418EC7AF9C}.Debug|x64.ActiveCfg = Debug|Any CPU
		{BFD8C11F-08C6-4EB3-8546-9A418EC7AF9C}.Debug|x64.Build.0 = Debug|Any CPU
		{BFD8C11F-08C6-4EB3-8546-9A418EC7AF9C}.Debug|x86.ActiveCfg = Debug|Any CPU
		{BFD8C11F-08C6-4EB3-8546-9A418EC7AF9C}.Debug|x86.Build.0 = Debug|Any CPU
		{BFD8C11F-08C6-4EB3-8546-9A418EC7AF9C}.Release|Any CPU.ActiveCfg = Release|Any CPU
		{BFD8C11F-08C6-4EB3-8546-9A418EC7AF9C}.Release|Any CPU.Build.0 = Release|Any CPU
		{BFD8C11F-08C6-4EB3-8546-9A418EC7AF9C}.Release|x64.ActiveCfg = Release|Any CPU
		{BFD8C11F-08C6-4EB3-8546-9A418EC7AF9C}.Release|x64.Build.0 = Release|Any CPU
		{BFD8C11F-08C6-4EB3-8546-9A418EC7AF9C}.Release|x86.ActiveCfg = Release|Any CPU
		{BFD8C11F-08C6-4EB3-8546-9A418EC7AF9C}.Release|x86.Build.0 = Release|Any CPU
		{EF27A20B-CD35-4A6C-887F-80857DC5776A}.Debug|Any CPU.ActiveCfg = Debug|Any CPU
		{EF27A20B-CD35-4A6C-887F-80857DC5776A}.Debug|Any CPU.Build.0 = Debug|Any CPU
		{EF27A20B-CD35-4A6C-887F-80857DC5776A}.Debug|x64.ActiveCfg = Debug|Any CPU
		{EF27A20B-CD35-4A6C-887F-80857DC5776A}.Debug|x64.Build.0 = Debug|Any CPU
		{EF27A20B-CD35-4A6C-887F-80857DC5776A}.Debug|x86.ActiveCfg = Debug|Any CPU
		{EF27A20B-CD35-4A6C-887F-80857DC5776A}.Debug|x86.Build.0 = Debug|Any CPU
		{EF27A20B-CD35-4A6C-887F-80857DC5776A}.Release|Any CPU.ActiveCfg = Release|Any CPU
		{EF27A20B-CD35-4A6C-887F-80857DC5776A}.Release|Any CPU.Build.0 = Release|Any CPU
		{EF27A20B-CD35-4A6C-887F-80857DC5776A}.Release|x64.ActiveCfg = Release|Any CPU
		{EF27A20B-CD35-4A6C-887F-80857DC5776A}.Release|x64.Build.0 = Release|Any CPU
		{EF27A20B-CD35-4A6C-887F-80857DC5776A}.Release|x86.ActiveCfg = Release|Any CPU
		{EF27A20B-CD35-4A6C-887F-80857DC5776A}.Release|x86.Build.0 = Release|Any CPU
		{C04E3757-D073-4E4D-A0DC-0F5A8A91703C}.Debug|Any CPU.ActiveCfg = Debug|Any CPU
		{C04E3757-D073-4E4D-A0DC-0F5A8A91703C}.Debug|Any CPU.Build.0 = Debug|Any CPU
		{C04E3757-D073-4E4D-A0DC-0F5A8A91703C}.Debug|x64.ActiveCfg = Debug|Any CPU
		{C04E3757-D073-4E4D-A0DC-0F5A8A91703C}.Debug|x64.Build.0 = Debug|Any CPU
		{C04E3757-D073-4E4D-A0DC-0F5A8A91703C}.Debug|x86.ActiveCfg = Debug|Any CPU
		{C04E3757-D073-4E4D-A0DC-0F5A8A91703C}.Debug|x86.Build.0 = Debug|Any CPU
		{C04E3757-D073-4E4D-A0DC-0F5A8A91703C}.Release|Any CPU.ActiveCfg = Release|Any CPU
		{C04E3757-D073-4E4D-A0DC-0F5A8A91703C}.Release|Any CPU.Build.0 = Release|Any CPU
		{C04E3757-D073-4E4D-A0DC-0F5A8A91703C}.Release|x64.ActiveCfg = Release|Any CPU
		{C04E3757-D073-4E4D-A0DC-0F5A8A91703C}.Release|x64.Build.0 = Release|Any CPU
		{C04E3757-D073-4E4D-A0DC-0F5A8A91703C}.Release|x86.ActiveCfg = Release|Any CPU
		{C04E3757-D073-4E4D-A0DC-0F5A8A91703C}.Release|x86.Build.0 = Release|Any CPU
		{27F9C006-0302-4EC1-969B-21766ECAE495}.Debug|Any CPU.ActiveCfg = Debug|Any CPU
		{27F9C006-0302-4EC1-969B-21766ECAE495}.Debug|Any CPU.Build.0 = Debug|Any CPU
		{27F9C006-0302-4EC1-969B-21766ECAE495}.Debug|x64.ActiveCfg = Debug|Any CPU
		{27F9C006-0302-4EC1-969B-21766ECAE495}.Debug|x64.Build.0 = Debug|Any CPU
		{27F9C006-0302-4EC1-969B-21766ECAE495}.Debug|x86.ActiveCfg = Debug|Any CPU
		{27F9C006-0302-4EC1-969B-21766ECAE495}.Debug|x86.Build.0 = Debug|Any CPU
		{27F9C006-0302-4EC1-969B-21766ECAE495}.Release|Any CPU.ActiveCfg = Release|Any CPU
		{27F9C006-0302-4EC1-969B-21766ECAE495}.Release|Any CPU.Build.0 = Release|Any CPU
		{27F9C006-0302-4EC1-969B-21766ECAE495}.Release|x64.ActiveCfg = Release|Any CPU
		{27F9C006-0302-4EC1-969B-21766ECAE495}.Release|x64.Build.0 = Release|Any CPU
		{27F9C006-0302-4EC1-969B-21766ECAE495}.Release|x86.ActiveCfg = Release|Any CPU
		{27F9C006-0302-4EC1-969B-21766ECAE495}.Release|x86.Build.0 = Release|Any CPU
		{B939C2FE-41E5-4DD2-982B-29677318590A}.Debug|Any CPU.ActiveCfg = Debug|Any CPU
		{B939C2FE-41E5-4DD2-982B-29677318590A}.Debug|Any CPU.Build.0 = Debug|Any CPU
		{B939C2FE-41E5-4DD2-982B-29677318590A}.Debug|x64.ActiveCfg = Debug|Any CPU
		{B939C2FE-41E5-4DD2-982B-29677318590A}.Debug|x64.Build.0 = Debug|Any CPU
		{B939C2FE-41E5-4DD2-982B-29677318590A}.Debug|x86.ActiveCfg = Debug|Any CPU
		{B939C2FE-41E5-4DD2-982B-29677318590A}.Debug|x86.Build.0 = Debug|Any CPU
		{B939C2FE-41E5-4DD2-982B-29677318590A}.Release|Any CPU.ActiveCfg = Release|Any CPU
		{B939C2FE-41E5-4DD2-982B-29677318590A}.Release|Any CPU.Build.0 = Release|Any CPU
		{B939C2FE-41E5-4DD2-982B-29677318590A}.Release|x64.ActiveCfg = Release|Any CPU
		{B939C2FE-41E5-4DD2-982B-29677318590A}.Release|x64.Build.0 = Release|Any CPU
		{B939C2FE-41E5-4DD2-982B-29677318590A}.Release|x86.ActiveCfg = Release|Any CPU
		{B939C2FE-41E5-4DD2-982B-29677318590A}.Release|x86.Build.0 = Release|Any CPU
	EndGlobalSection
	GlobalSection(SolutionProperties) = preSolution
		HideSolutionNode = FALSE
	EndGlobalSection
	GlobalSection(NestedProjects) = preSolution
		{B6CD249B-5D46-4B9A-B375-62FAD9F7C1EF} = {4530E15E-173B-46D7-81C2-1325B207F589}
		{C1F1AECB-64BD-4A65-BA74-E88D5B6A8CE5} = {4530E15E-173B-46D7-81C2-1325B207F589}
		{5C3DE0AB-809E-422F-A8EC-8E939EA0C58B} = {65827DAE-E5B7-425B-B5C2-C885F4D5FF08}
		{C67704CE-D109-456B-9928-D6010CE2B39F} = {65827DAE-E5B7-425B-B5C2-C885F4D5FF08}
		{C3DEF390-E7D5-42FE-B72A-350E2BE35F09} = {B6CD249B-5D46-4B9A-B375-62FAD9F7C1EF}
		{8DA33251-E970-4F13-A475-11D9CB2D896F} = {C1F1AECB-64BD-4A65-BA74-E88D5B6A8CE5}
		{BFD8C11F-08C6-4EB3-8546-9A418EC7AF9C} = {C1F1AECB-64BD-4A65-BA74-E88D5B6A8CE5}
		{EF27A20B-CD35-4A6C-887F-80857DC5776A} = {C1F1AECB-64BD-4A65-BA74-E88D5B6A8CE5}
		{C04E3757-D073-4E4D-A0DC-0F5A8A91703C} = {B6228DA6-1105-4683-B847-186E32AEBD3D}
		{27F9C006-0302-4EC1-969B-21766ECAE495} = {E2FF927E-7AD2-4CFB-916A-3E77E21EA524}
		{B939C2FE-41E5-4DD2-982B-29677318590A} = {E2FF927E-7AD2-4CFB-916A-3E77E21EA524}
	EndGlobalSection
	GlobalSection(ExtensibilityGlobals) = postSolution
		SolutionGuid = {EB0F01A3-579D-48BE-AC2E-39AE4186137E}
	EndGlobalSection
EndGlobal
